{
  "name": "loyaltyappv2",
  "version": "1.0.0",
  "lockfileVersion": 3,
  "requires": true,
  "packages": {
    "": {
      "name": "loyaltyappv2",
      "version": "1.0.0",
      "license": "ISC",
      "dependencies": {
        "@capacitor/android": "^7.4.4",
        "@codetrix-studio/capacitor-google-auth": "^3.4.0-rc.4"
      }
    },
    "node_modules/@capacitor/android": {
      "version": "7.4.4",
      "resolved": "https://registry.npmjs.org/@capacitor/android/-/android-7.4.4.tgz",
      "integrity": "sha512-y8knfV1JXNrd6XZZLZireGT+EBCN0lvOo+HZ/s7L8LkrPBu4nY5UZn0Wxz4yOezItEII9rqYJSHsS5fMJG9gdw==",
      "license": "MIT",
      "peerDependencies": {
        "@capacitor/core": "^7.4.0"
      }
    },
    "node_modules/@codetrix-studio/capacitor-google-auth": {
      "version": "3.4.0-rc.4",
      "resolved": "https://registry.npmjs.org/@codetrix-studio/capacitor-google-auth/-/capacitor-google-auth-3.4.0-rc.4.tgz",
      "integrity": "sha512-d548/xKrbMHHbzMYSWnlgZCLZYo2zzY7Onrh3x8ujojrb7atkNK68I6su5WgmaBt4E+R4gxBsWams4554aOFjA==",
      "license": "MIT",
      "peerDependencies": {
        "@capacitor/core": "^6.0.0"
      }
    }
  }
}
